#MicroXplorer Configuration settings - do not modify
ADC.ClockPrescaler=ADC_CLOCK_SYNC_PCLK_DIV4
ADC.EOCSelection=ADC_EOC_SINGLE_CONV
ADC.EnableAnalogWatchDog=false
ADC.IPParameters=SamplingTime,OversamplingMode,EOCSelection,ClockPrescaler,EnableAnalogWatchDog,TriggeredMode,Ratio,RightBitShift
ADC.OversamplingMode=ENABLE
ADC.Ratio=ADC_OVERSAMPLING_RATIO_16
ADC.RightBitShift=ADC_RIGHTBITSHIFT_4
ADC.SamplingTime=ADC_SAMPLETIME_160CYCLES_5
ADC.TriggeredMode=ADC_TRIGGEREDMODE_SINGLE_TRIGGER
CAD.formats=[{"id"\:42,"cad_product"\:"KiCAD v6+","cad_family"\:"KiCAD"}]
CAD.pinconfig=Dual
CAD.provider=
Dma.ADC.0.Direction=DMA_PERIPH_TO_MEMORY
Dma.ADC.0.Instance=DMA1_Channel1
Dma.ADC.0.MemDataAlignment=DMA_MDATAALIGN_HALFWORD
Dma.ADC.0.MemInc=DMA_MINC_ENABLE
Dma.ADC.0.Mode=DMA_NORMAL
Dma.ADC.0.PeriphDataAlignment=DMA_PDATAALIGN_HALFWORD
Dma.ADC.0.PeriphInc=DMA_PINC_DISABLE
Dma.ADC.0.Priority=DMA_PRIORITY_LOW
Dma.ADC.0.RequestParameters=Instance,Direction,PeriphInc,MemInc,PeriphDataAlignment,MemDataAlignment,Mode,Priority
Dma.Request0=ADC
Dma.RequestsNb=1
File.Version=6
GPIO.groupedBy=Group By Peripherals
I2C1.IPParameters=Timing
I2C1.Timing=0x00707CBB
KeepUserPlacement=false
Mcu.CPN=STM32L011F4P6
Mcu.Family=STM32L0
Mcu.IP0=ADC
Mcu.IP1=DMA
Mcu.IP2=I2C1
Mcu.IP3=NVIC
Mcu.IP4=RCC
Mcu.IP5=SYS
Mcu.IP6=TIM2
Mcu.IPNb=7
Mcu.Name=STM32L011F(3-4)Px
Mcu.Package=TSSOP20
Mcu.Pin0=PB9-BOOT0
Mcu.Pin1=PC14-OSC32_IN
Mcu.Pin10=PA10
Mcu.Pin11=PA13
Mcu.Pin12=PA14
Mcu.Pin13=VP_SYS_VS_Systick
Mcu.Pin14=VP_TIM2_VS_ClockSourceINT
Mcu.Pin15=VP_TIM2_VS_no_output2
Mcu.Pin2=PC15-OSC32_OUT
Mcu.Pin3=PA0-CK_IN
Mcu.Pin4=PA1
Mcu.Pin5=PA2
Mcu.Pin6=PA3
Mcu.Pin7=PA5
Mcu.Pin8=PB1
Mcu.Pin9=PA9
Mcu.PinsNb=16
Mcu.ThirdPartyNb=0
Mcu.UserConstants=
Mcu.UserName=STM32L011F4Px
MxCube.Version=6.10.0
MxDb.Version=DB.6.0.100
NVIC.DMA1_Channel1_IRQn=true\:0\:0\:false\:false\:true\:false\:true\:true
NVIC.EXTI0_1_IRQn=true\:0\:0\:false\:false\:true\:true\:true\:true
NVIC.EXTI4_15_IRQn=true\:0\:0\:false\:false\:true\:true\:true\:true
NVIC.ForceEnableDMAVector=true
NVIC.HardFault_IRQn=true\:0\:0\:false\:false\:true\:false\:false\:false
NVIC.NonMaskableInt_IRQn=true\:0\:0\:false\:false\:true\:false\:false\:false
NVIC.PendSV_IRQn=true\:0\:0\:false\:false\:true\:false\:false\:false
NVIC.SVC_IRQn=true\:0\:0\:false\:false\:true\:false\:false\:true
NVIC.SysTick_IRQn=true\:0\:0\:false\:false\:true\:false\:true\:false
NVIC.TIM2_IRQn=true\:0\:0\:false\:false\:true\:true\:true\:true
PA0-CK_IN.GPIOParameters=GPIO_Label
PA0-CK_IN.GPIO_Label=TIP_TC_AMP
PA0-CK_IN.Locked=true
PA0-CK_IN.Mode=IN0
PA0-CK_IN.Signal=ADC_IN0
PA1.GPIOParameters=GPIO_Label
PA1.GPIO_Label=HEATER_CURRENT_AMP
PA1.Locked=true
PA1.Signal=ADC_IN1
PA10.GPIOParameters=GPIO_Pu
PA10.GPIO_Pu=GPIO_PULLUP
PA10.Locked=true
PA10.Mode=I2C
PA10.Signal=I2C1_SDA
PA13.Locked=true
PA13.Mode=Serial_Wire
PA13.Signal=SYS_SWDIO
PA14.Locked=true
PA14.Mode=Serial_Wire
PA14.Signal=SYS_SWCLK
PA2.GPIOParameters=GPIO_PuPd,GPIO_Label
PA2.GPIO_Label=TIP_ACTIVE
PA2.GPIO_PuPd=GPIO_PULLUP
PA2.Locked=true
PA2.Signal=GPIO_Input
PA3.GPIOParameters=GPIO_Label
PA3.GPIO_Label=OC_TEST
PA3.Locked=true
PA3.Signal=GPIO_Output
PA5.GPIOParameters=GPIO_Label
PA5.GPIO_Label=TIP_PWM
PA5.Locked=true
PA5.Signal=S_TIM2_CH1
PA9.GPIOParameters=GPIO_Pu
PA9.GPIO_Pu=GPIO_PULLUP
PA9.Locked=true
PA9.Mode=I2C
PA9.Signal=I2C1_SCL
PB1.GPIOParameters=GPIO_PuPd,GPIO_Label,GPIO_ModeDefaultEXTI
PB1.GPIO_Label=BTN_DOWN
PB1.GPIO_ModeDefaultEXTI=GPIO_MODE_IT_FALLING
PB1.GPIO_PuPd=GPIO_PULLUP
PB1.Locked=true
PB1.Signal=GPXTI1
PB9-BOOT0.GPIOParameters=GPIO_PuPd,GPIO_Label,GPIO_ModeDefaultEXTI
PB9-BOOT0.GPIO_Label=BTN_ENTER
PB9-BOOT0.GPIO_ModeDefaultEXTI=GPIO_MODE_IT_FALLING
PB9-BOOT0.GPIO_PuPd=GPIO_PULLUP
PB9-BOOT0.Locked=true
PB9-BOOT0.Signal=GPXTI9
PC14-OSC32_IN.GPIOParameters=GPIO_PuPd,GPIO_Label,GPIO_ModeDefaultEXTI
PC14-OSC32_IN.GPIO_Label=BTN_MENU
PC14-OSC32_IN.GPIO_ModeDefaultEXTI=GPIO_MODE_IT_FALLING
PC14-OSC32_IN.GPIO_PuPd=GPIO_PULLUP
PC14-OSC32_IN.Locked=true
PC14-OSC32_IN.Signal=GPXTI14
PC15-OSC32_OUT.GPIOParameters=GPIO_PuPd,GPIO_Label,GPIO_ModeDefaultEXTI
PC15-OSC32_OUT.GPIO_Label=BTN_UP
PC15-OSC32_OUT.GPIO_ModeDefaultEXTI=GPIO_MODE_IT_FALLING
PC15-OSC32_OUT.GPIO_PuPd=GPIO_PULLUP
PC15-OSC32_OUT.Locked=true
PC15-OSC32_OUT.Signal=GPXTI15
PinOutPanel.RotationAngle=0
ProjectManager.AskForMigrate=true
ProjectManager.BackupPrevious=false
ProjectManager.CompilerOptimize=6
ProjectManager.ComputerToolchain=false
ProjectManager.CoupleFile=true
ProjectManager.CustomerFirmwarePackage=
ProjectManager.DefaultFWLocation=true
ProjectManager.DeletePrevious=true
ProjectManager.DeviceId=STM32L011F4Px
ProjectManager.FirmwarePackage=STM32Cube FW_L0 V1.12.2
ProjectManager.FreePins=true
ProjectManager.HalAssertFull=false
ProjectManager.HeapSize=0x100
ProjectManager.KeepUserCode=true
ProjectManager.LastFirmware=true
ProjectManager.LibraryCopy=1
ProjectManager.MainLocation=Core/Src
ProjectManager.NoMain=false
ProjectManager.PreviousToolchain=
ProjectManager.ProjectBuild=false
ProjectManager.ProjectFileName=JBC controller.ioc
ProjectManager.ProjectName=JBC controller
ProjectManager.ProjectStructure=
ProjectManager.RegisterCallBack=
ProjectManager.StackSize=0x200
ProjectManager.TargetToolchain=STM32CubeIDE
ProjectManager.ToolChainLocation=
ProjectManager.UAScriptAfterPath=
ProjectManager.UAScriptBeforePath=
ProjectManager.UnderRoot=true
ProjectManager.functionlistsort=1-MX_GPIO_Init-GPIO-false-LL-true,2-SystemClock_Config-RCC-false-LL-false,3-MX_DMA_Init-DMA-false-HAL-true,4-MX_ADC_Init-ADC-false-HAL-true,5-MX_I2C1_Init-I2C1-false-HAL-true,6-MX_TIM2_Init-TIM2-false-HAL-true
RCC.AHBFreq_Value=32000000
RCC.APB1Freq_Value=32000000
RCC.APB1TimFreq_Value=32000000
RCC.APB2Freq_Value=32000000
RCC.APB2TimFreq_Value=32000000
RCC.FCLKCortexFreq_Value=32000000
RCC.FamilyName=M
RCC.HCLKFreq_Value=32000000
RCC.HSE_VALUE=8000000
RCC.HSI16_VALUE=16000000
RCC.HSI_VALUE=16000000
RCC.I2C1Freq_Value=32000000
RCC.IPParameters=AHBFreq_Value,APB1Freq_Value,APB1TimFreq_Value,APB2Freq_Value,APB2TimFreq_Value,FCLKCortexFreq_Value,FamilyName,HCLKFreq_Value,HSE_VALUE,HSI16_VALUE,HSI_VALUE,I2C1Freq_Value,LPTIMFreq_Value,LPUARTFreq_Value,LSE_VALUE,LSI_VALUE,MCOPinFreq_Value,MSIClockRange,MSI_VALUE,PLLCLKFreq_Value,PLLMUL,PWRFreq_Value,RTCFreq_Value,RTCHSEDivFreq_Value,SYSCLKFreq_VALUE,SYSCLKSource,TIMFreq_Value,TimerFreq_Value,USART2Freq_Value,VCOOutputFreq_Value,WatchDogFreq_Value
RCC.LPTIMFreq_Value=32000000
RCC.LPUARTFreq_Value=32000000
RCC.LSE_VALUE=32768
RCC.LSI_VALUE=37000
RCC.MCOPinFreq_Value=32000000
RCC.MSIClockRange=RCC_MSIRANGE_6
RCC.MSI_VALUE=4194000
RCC.PLLCLKFreq_Value=32000000
RCC.PLLMUL=RCC_PLLMUL_4
RCC.PWRFreq_Value=32000000
RCC.RTCFreq_Value=37000
RCC.RTCHSEDivFreq_Value=4000000
RCC.SYSCLKFreq_VALUE=32000000
RCC.SYSCLKSource=RCC_SYSCLKSOURCE_PLLCLK
RCC.TIMFreq_Value=32000000
RCC.TimerFreq_Value=32000000
RCC.USART2Freq_Value=32000000
RCC.VCOOutputFreq_Value=64000000
RCC.WatchDogFreq_Value=37000
SH.GPXTI1.0=GPIO_EXTI1
SH.GPXTI1.ConfNb=1
SH.GPXTI14.0=GPIO_EXTI14
SH.GPXTI14.ConfNb=1
SH.GPXTI15.0=GPIO_EXTI15
SH.GPXTI15.ConfNb=1
SH.GPXTI9.0=GPIO_EXTI9
SH.GPXTI9.ConfNb=1
SH.S_TIM2_CH1.0=TIM2_CH1,PWM Generation1 CH1
SH.S_TIM2_CH1.ConfNb=1
TIM2.Channel-Output\ Compare2\ No\ Output=TIM_CHANNEL_2
TIM2.Channel-PWM\ Generation1\ CH1=TIM_CHANNEL_1
TIM2.IPParameters=Channel-Output Compare2 No Output,OCMode_2,Period,Prescaler,Pulse-Output Compare2 No Output,Channel-PWM Generation1 CH1,Pulse-PWM Generation1 CH1,OCPolarity_1,OCPolarity_2
TIM2.OCMode_2=TIM_OCMODE_ACTIVE
TIM2.OCPolarity_1=TIM_OCPOLARITY_HIGH
TIM2.OCPolarity_2=TIM_OCPOLARITY_HIGH
TIM2.Period=999
TIM2.Prescaler=31
TIM2.Pulse-Output\ Compare2\ No\ Output=0
TIM2.Pulse-PWM\ Generation1\ CH1=0
VP_SYS_VS_Systick.Mode=SysTick
VP_SYS_VS_Systick.Signal=SYS_VS_Systick
VP_TIM2_VS_ClockSourceINT.Mode=Internal
VP_TIM2_VS_ClockSourceINT.Signal=TIM2_VS_ClockSourceINT
VP_TIM2_VS_no_output2.Mode=Output Compare2 No Output
VP_TIM2_VS_no_output2.Signal=TIM2_VS_no_output2
board=custom
isbadioc=false
