#MicroXplorer Configuration settings - do not modify
Mcu.Family=STM32L0
RCC.MSI_VALUE=2097000
ProjectManager.MainLocation=Core/Src
PA0-CK_IN.GPIO_Label=TIP_TC_AMP
PA0-CK_IN.GPIOParameters=GPIO_Label
PA2.GPIO_PuPd=GPIO_PULLUP
ProjectManager.ProjectFileName=JBC controller.ioc
SH.S_TIM2_CH1.0=TIM2_CH1,PWM Generation1 CH1
ProjectManager.KeepUserCode=true
PA10.Mode=I2C
Mcu.UserName=STM32L011F4Px
Mcu.PinsNb=15
ProjectManager.NoMain=false
VP_ADC_TempSens_Input.Mode=IN-TempSens
PA0-CK_IN.Mode=IN0
RCC.PLLCLKFreq_Value=32000000
RCC.LPUARTFreq_Value=32000000
PB9-BOOT0.GPIO_Label=BTN_ENTER
ProjectManager.functionlistsort=2-SystemClock_Config-RCC-false-HAL-false
RCC.RTCFreq_Value=37000
ProjectManager.DefaultFWLocation=true
ADC.IPParameters=SamplingTime,OversamplingMode
RCC.USART2Freq_Value=32000000
NVIC.SVC_IRQn=true\:0\:0\:false\:false\:true\:false\:false
ProjectManager.DeletePrevious=true
PC14-OSC32_IN.Signal=GPIO_Input
RCC.TimerFreq_Value=32000000
PA2.GPIOParameters=GPIO_PuPd,GPIO_Label
PC15-OSC32_OUT.GPIO_Label=BTN_UP
PinOutPanel.RotationAngle=0
RCC.FamilyName=M
RCC.SYSCLKSource=RCC_SYSCLKSOURCE_PLLCLK
ProjectManager.StackSize=0x400
RCC.WatchDogFreq_Value=37000
PA13.Signal=SYS_SWDIO
Mcu.IP4=SYS
RCC.HSI16_VALUE=16000000
RCC.FCLKCortexFreq_Value=32000000
Mcu.IP5=TIM2
I2C1.IPParameters=Timing
Mcu.IP2=NVIC
Mcu.IP3=RCC
Mcu.IP0=ADC
PA9.Mode=I2C
Mcu.IP1=I2C1
PC15-OSC32_OUT.Locked=true
Mcu.UserConstants=
ProjectManager.TargetToolchain=STM32CubeIDE
Mcu.ThirdPartyNb=0
PB1.GPIO_PuPd=GPIO_PULLUP
RCC.HCLKFreq_Value=32000000
Mcu.IPNb=6
TIM2.IPParameters=Channel-PWM Generation1 CH1
ProjectManager.PreviousToolchain=
RCC.APB2TimFreq_Value=32000000
PA9.Signal=I2C1_SCL
I2C1.Timing=0x00707CBB
ADC.OversamplingMode=DISABLE
Mcu.Pin6=PA5
Mcu.Pin7=PB1
VP_TIM2_VS_ClockSourceINT.Signal=TIM2_VS_ClockSourceINT
ProjectManager.RegisterCallBack=
Mcu.Pin8=PA9
Mcu.Pin9=PA10
RCC.LSE_VALUE=32768
PC15-OSC32_OUT.Signal=GPIO_Input
PA1.Signal=ADC_IN1
RCC.AHBFreq_Value=32000000
Mcu.Pin0=PB9-BOOT0
PB1.Locked=true
Mcu.Pin1=PC14-OSC32_IN
GPIO.groupedBy=Group By Peripherals
Mcu.Pin2=PC15-OSC32_OUT
Mcu.Pin3=PA0-CK_IN
Mcu.Pin4=PA1
ADC.SamplingTime=ADC_SAMPLETIME_160CYCLES_5
Mcu.Pin5=PA2
PA5.Signal=S_TIM2_CH1
ProjectManager.ProjectBuild=false
RCC.HSE_VALUE=8000000
RCC.MCOPinFreq_Value=32000000
board=custom
PB9-BOOT0.Locked=true
RCC.VCOOutputFreq_Value=64000000
NVIC.SysTick_IRQn=true\:0\:0\:false\:false\:true\:false\:true
ProjectManager.LastFirmware=true
RCC.PLLMUL=RCC_PLLMUL_4
ProjectManager.FirmwarePackage=STM32Cube FW_L0 V1.12.1
PA0-CK_IN.Signal=ADC_IN0
MxDb.Version=DB.6.0.20
PA0-CK_IN.Locked=true
RCC.APB2Freq_Value=32000000
PA1.Mode=IN1
PA1.GPIOParameters=GPIO_Label
ProjectManager.BackupPrevious=false
MxCube.Version=6.2.0
PB9-BOOT0.GPIOParameters=GPIO_PuPd,GPIO_Label
VP_TIM2_VS_ClockSourceINT.Mode=Internal
RCC.I2C1Freq_Value=32000000
PA14.Mode=Serial_Wire
PB1.GPIO_Label=BTN_DOWN
File.Version=6
PA1.GPIO_Label=HEATER_CURRENT_AMP
VP_SYS_VS_Systick.Mode=SysTick
PC15-OSC32_OUT.GPIO_PuPd=GPIO_PULLUP
SH.S_TIM2_CH1.ConfNb=1
PA9.Locked=true
NVIC.NonMaskableInt_IRQn=true\:0\:0\:false\:false\:true\:false\:false
TIM2.Channel-PWM\ Generation1\ CH1=TIM_CHANNEL_1
NVIC.PendSV_IRQn=true\:0\:0\:false\:false\:true\:false\:false
PA13.Mode=Serial_Wire
ProjectManager.FreePins=false
RCC.IPParameters=AHBFreq_Value,APB1Freq_Value,APB1TimFreq_Value,APB2Freq_Value,APB2TimFreq_Value,FCLKCortexFreq_Value,FamilyName,HCLKFreq_Value,HSE_VALUE,HSI16_VALUE,HSI_VALUE,I2C1Freq_Value,LPTIMFreq_Value,LPUARTFreq_Value,LSE_VALUE,LSI_VALUE,MCOPinFreq_Value,MSI_VALUE,PLLCLKFreq_Value,PLLMUL,PWRFreq_Value,RTCFreq_Value,RTCHSEDivFreq_Value,SYSCLKFreq_VALUE,SYSCLKSource,TIMFreq_Value,TimerFreq_Value,USART2Freq_Value,VCOOutputFreq_Value,WatchDogFreq_Value
ProjectManager.AskForMigrate=true
Mcu.Name=STM32L011F(3-4)Px
ProjectManager.HalAssertFull=false
PC14-OSC32_IN.GPIOParameters=GPIO_PuPd,GPIO_Label
RCC.RTCHSEDivFreq_Value=4000000
PA2.Signal=GPIO_Input
ProjectManager.ProjectName=JBC controller
ProjectManager.UnderRoot=true
ProjectManager.CoupleFile=false
RCC.SYSCLKFreq_VALUE=32000000
Mcu.Package=TSSOP20
PB1.Signal=GPIO_Input
PA1.Locked=true
PA5.Locked=true
VP_ADC_TempSens_Input.Signal=ADC_TempSens_Input
PA5.GPIO_Label=TIP_PWM
PA10.Locked=true
NVIC.ForceEnableDMAVector=true
KeepUserPlacement=false
PA13.Locked=true
PA14.Locked=true
ProjectManager.CompilerOptimize=6
ProjectManager.ToolChainLocation=
PA2.GPIO_Label=TIP_ACTIVE
RCC.LSI_VALUE=37000
VP_SYS_VS_Systick.Signal=SYS_VS_Systick
PA10.Signal=I2C1_SDA
PA14.Signal=SYS_SWCLK
ProjectManager.HeapSize=0x200
NVIC.HardFault_IRQn=true\:0\:0\:false\:false\:true\:false\:false
PA5.GPIOParameters=GPIO_Label
Mcu.Pin13=VP_SYS_VS_Systick
Mcu.Pin14=VP_TIM2_VS_ClockSourceINT
ProjectManager.ComputerToolchain=false
RCC.HSI_VALUE=16000000
Mcu.Pin11=PA14
Mcu.Pin12=VP_ADC_TempSens_Input
Mcu.Pin10=PA13
RCC.APB1TimFreq_Value=32000000
PB9-BOOT0.GPIO_PuPd=GPIO_PULLUP
RCC.PWRFreq_Value=32000000
PC14-OSC32_IN.GPIO_PuPd=GPIO_PULLUP
PC14-OSC32_IN.GPIO_Label=BTN_MENU
PC15-OSC32_OUT.GPIOParameters=GPIO_PuPd,GPIO_Label
RCC.APB1Freq_Value=32000000
ProjectManager.CustomerFirmwarePackage=
ProjectManager.DeviceId=STM32L011F4Px
PC14-OSC32_IN.Locked=true
ProjectManager.LibraryCopy=1
RCC.LPTIMFreq_Value=32000000
PB1.GPIOParameters=GPIO_PuPd,GPIO_Label
PB9-BOOT0.Signal=GPIO_Input
RCC.TIMFreq_Value=32000000
PA2.Locked=true
isbadioc=false
